
Microsoft Visual Studio Solution File, Format Version 12.00
# Visual Studio Version 16
VisualStudioVersion = 16.0.31321.278
MinimumVisualStudioVersion = 10.0.40219.1
Project("{9A19103F-16F7-4668-BE54-9A1E7A4F7556}") = "TaskUser.Infrastructure", "TaskUser.Infrastructure\TaskUser.Infrastructure.csproj", "{1E9C9AC8-760F-425F-9A61-262D1D681204}"
EndProject
Project("{9A19103F-16F7-4668-BE54-9A1E7A4F7556}") = "TaskUser.Api", "TaskUser.Api\TaskUser.Api.csproj", "{737EF28C-D8B6-42FE-A418-C4989DC1B947}"
EndProject
Project("{9A19103F-16F7-4668-BE54-9A1E7A4F7556}") = "TaskUser.Logger", "TaskUser.Logger\TaskUser.Logger.csproj", "{8A1E2064-FBAE-45CE-83FD-8FE493167102}"
EndProject
Project("{9A19103F-16F7-4668-BE54-9A1E7A4F7556}") = "TaskUser.Common", "TaskUser.Common\TaskUser.Common.csproj", "{DB879FA9-04BA-4EC9-B899-AEDD5A217BAC}"
EndProject
Project("{9A19103F-16F7-4668-BE54-9A1E7A4F7556}") = "TaskUser.Domain", "TaskUser.Domain\TaskUser.Domain.csproj", "{59042C24-8B7A-4DA6-AC38-4326314C23E4}"
EndProject
Project("{9A19103F-16F7-4668-BE54-9A1E7A4F7556}") = "TaskUser.Application", "TaskUser.Application\TaskUser.Application.csproj", "{D1557B5A-04C4-48C3-A904-EB2FEDC72795}"
EndProject
Global
	GlobalSection(SolutionConfigurationPlatforms) = preSolution
		Debug|Any CPU = Debug|Any CPU
		Release|Any CPU = Release|Any CPU
	EndGlobalSection
	GlobalSection(ProjectConfigurationPlatforms) = postSolution
		{1E9C9AC8-760F-425F-9A61-262D1D681204}.Debug|Any CPU.ActiveCfg = Debug|Any CPU
		{1E9C9AC8-760F-425F-9A61-262D1D681204}.Debug|Any CPU.Build.0 = Debug|Any CPU
		{1E9C9AC8-760F-425F-9A61-262D1D681204}.Release|Any CPU.ActiveCfg = Release|Any CPU
		{1E9C9AC8-760F-425F-9A61-262D1D681204}.Release|Any CPU.Build.0 = Release|Any CPU
		{737EF28C-D8B6-42FE-A418-C4989DC1B947}.Debug|Any CPU.ActiveCfg = Debug|Any CPU
		{737EF28C-D8B6-42FE-A418-C4989DC1B947}.Debug|Any CPU.Build.0 = Debug|Any CPU
		{737EF28C-D8B6-42FE-A418-C4989DC1B947}.Release|Any CPU.ActiveCfg = Release|Any CPU
		{737EF28C-D8B6-42FE-A418-C4989DC1B947}.Release|Any CPU.Build.0 = Release|Any CPU
		{8A1E2064-FBAE-45CE-83FD-8FE493167102}.Debug|Any CPU.ActiveCfg = Debug|Any CPU
		{8A1E2064-FBAE-45CE-83FD-8FE493167102}.Debug|Any CPU.Build.0 = Debug|Any CPU
		{8A1E2064-FBAE-45CE-83FD-8FE493167102}.Release|Any CPU.ActiveCfg = Release|Any CPU
		{8A1E2064-FBAE-45CE-83FD-8FE493167102}.Release|Any CPU.Build.0 = Release|Any CPU
		{DB879FA9-04BA-4EC9-B899-AEDD5A217BAC}.Debug|Any CPU.ActiveCfg = Debug|Any CPU
		{DB879FA9-04BA-4EC9-B899-AEDD5A217BAC}.Debug|Any CPU.Build.0 = Debug|Any CPU
		{DB879FA9-04BA-4EC9-B899-AEDD5A217BAC}.Release|Any CPU.ActiveCfg = Release|Any CPU
		{DB879FA9-04BA-4EC9-B899-AEDD5A217BAC}.Release|Any CPU.Build.0 = Release|Any CPU
		{59042C24-8B7A-4DA6-AC38-4326314C23E4}.Debug|Any CPU.ActiveCfg = Debug|Any CPU
		{59042C24-8B7A-4DA6-AC38-4326314C23E4}.Debug|Any CPU.Build.0 = Debug|Any CPU
		{59042C24-8B7A-4DA6-AC38-4326314C23E4}.Release|Any CPU.ActiveCfg = Release|Any CPU
		{59042C24-8B7A-4DA6-AC38-4326314C23E4}.Release|Any CPU.Build.0 = Release|Any CPU
		{D1557B5A-04C4-48C3-A904-EB2FEDC72795}.Debug|Any CPU.ActiveCfg = Debug|Any CPU
		{D1557B5A-04C4-48C3-A904-EB2FEDC72795}.Debug|Any CPU.Build.0 = Debug|Any CPU
		{D1557B5A-04C4-48C3-A904-EB2FEDC72795}.Release|Any CPU.ActiveCfg = Release|Any CPU
		{D1557B5A-04C4-48C3-A904-EB2FEDC72795}.Release|Any CPU.Build.0 = Release|Any CPU
	EndGlobalSection
	GlobalSection(SolutionProperties) = preSolution
		HideSolutionNode = FALSE
	EndGlobalSection
	GlobalSection(ExtensibilityGlobals) = postSolution
		SolutionGuid = {52709A08-5D40-4BAE-B460-66E6CC735732}
	EndGlobalSection
EndGlobal
